<?xml version="1.0" encoding="utf-8"?>
<Project ToolsVersion="4.0" xmlns="http://schemas.microsoft.com/developer/msbuild/2003">
  <ItemGroup>
    <Filter Include="Source Files">
      <UniqueIdentifier>{4FC737F1-C7A5-4376-A066-2A32D752A2FF}</UniqueIdentifier>
      <Extensions>cpp;c;cc;cxx;def;odl;idl;hpj;bat;asm;asmx</Extensions>
    </Filter>
    <Filter Include="Header Files">
      <UniqueIdentifier>{93995380-89BD-4b04-88EB-625FBE52EBFB}</UniqueIdentifier>
      <Extensions>h;hpp;hxx;hm;inl;inc;xsd</Extensions>
    </Filter>
    <Filter Include="Resource Files">
      <UniqueIdentifier>{67DA6AB6-F800-4c08-8B7A-83BB121AAD01}</UniqueIdentifier>
      <Extensions>rc;ico;cur;bmp;dlg;rc2;rct;bin;rgs;gif;jpg;jpeg;jpe;resx;tiff;tif;png;wav</Extensions>
    </Filter>
    <Filter Include="HookedMethods">
      <UniqueIdentifier>{cf078cd9-dce6-4c25-8dab-94cd799c91e6}</UniqueIdentifier>
    </Filter>
    <Filter Include="Types">
      <UniqueIdentifier>{b30431d8-b111-4f5f-b794-30bc8e65832d}</UniqueIdentifier>
    </Filter>
    <Filter Include="Variable">
      <UniqueIdentifier>{7a529b84-8e91-4b3f-ae41-c5ebd3815933}</UniqueIdentifier>
    </Filter>
  </ItemGroup>
  <ItemGroup>
    <ClCompile Include="..\DataQueue.cpp">
      <Filter>Source Files</Filter>
    </ClCompile>
    <ClCompile Include="..\dllmain.cpp">
      <Filter>Source Files</Filter>
    </ClCompile>
    <ClCompile Include="..\stdafx.cpp">
      <Filter>Source Files</Filter>
    </ClCompile>
    <ClCompile Include="..\HookLog.cpp">
      <Filter>Source Files</Filter>
    </ClCompile>
    <ClCompile Include="..\GetPrivateStash.cpp">
      <Filter>HookedMethods</Filter>
    </ClCompile>
    <ClCompile Include="..\BaseMethodHook.cpp">
      <Filter>HookedMethods</Filter>
    </ClCompile>
    <ClCompile Include="..\HookWalkTo.cpp">
      <Filter>HookedMethods</Filter>
    </ClCompile>
    <ClCompile Include="..\ControllerPlayerStateIdleRequestNpcAction.cpp">
      <Filter>HookedMethods</Filter>
    </ClCompile>
    <ClCompile Include="..\ControllerPlayerStateMoveToRequestNpcAction.cpp">
      <Filter>HookedMethods</Filter>
    </ClCompile>
    <ClCompile Include="..\ControllerPlayerStateMoveToRequestMoveAction.cpp">
      <Filter>HookedMethods</Filter>
    </ClCompile>
    <ClCompile Include="..\InventorySack_AddItem.cpp">
      <Filter>HookedMethods</Filter>
    </ClCompile>
    <ClCompile Include="..\CloudGetNumFiles.cpp">
      <Filter>HookedMethods</Filter>
    </ClCompile>
    <ClCompile Include="..\CloudRead.cpp">
      <Filter>HookedMethods</Filter>
    </ClCompile>
    <ClCompile Include="..\CloudWrite.cpp">
      <Filter>HookedMethods</Filter>
    </ClCompile>
    <ClCompile Include="..\SaveTransferStash.cpp">
      <Filter>HookedMethods</Filter>
    </ClCompile>
    <ClCompile Include="..\NpcDetectionHook.cpp">
      <Filter>HookedMethods</Filter>
    </ClCompile>
  </ItemGroup>
  <ItemGroup>
    <ClInclude Include="..\DataQueue.h">
      <Filter>Header Files</Filter>
    </ClInclude>
    <ClInclude Include="..\dllmain.h">
      <Filter>Header Files</Filter>
    </ClInclude>
    <ClInclude Include="..\stdafx.h">
      <Filter>Header Files</Filter>
    </ClInclude>
    <ClInclude Include="MessageType.h">
      <Filter>Header Files</Filter>
    </ClInclude>
    <ClInclude Include="..\HookLog.h">
      <Filter>Header Files</Filter>
    </ClInclude>
    <ClInclude Include="..\GetPrivateStash.h">
      <Filter>HookedMethods</Filter>
    </ClInclude>
    <ClInclude Include="..\MessageType.h">
      <Filter>HookedMethods</Filter>
    </ClInclude>
    <ClInclude Include="..\BaseMethodHook.h">
      <Filter>HookedMethods</Filter>
    </ClInclude>
    <ClInclude Include="..\HookWalkTo.h">
      <Filter>HookedMethods</Filter>
    </ClInclude>
    <ClInclude Include="..\ControllerPlayerStateIdleRequestNpcAction.h">
      <Filter>HookedMethods</Filter>
    </ClInclude>
    <ClInclude Include="..\ControllerPlayerStateMoveToRequestNpcAction.h">
      <Filter>HookedMethods</Filter>
    </ClInclude>
    <ClInclude Include="..\ControllerPlayerStateMoveToRequestMoveAction.h">
      <Filter>HookedMethods</Filter>
    </ClInclude>
    <ClInclude Include="..\InventorySack_AddItem.h">
      <Filter>HookedMethods</Filter>
    </ClInclude>
    <ClInclude Include="..\CloudGetNumFiles.h">
      <Filter>HookedMethods</Filter>
    </ClInclude>
    <ClInclude Include="..\CloudRead.h">
      <Filter>HookedMethods</Filter>
    </ClInclude>
    <ClInclude Include="..\CloudWrite.h">
      <Filter>HookedMethods</Filter>
    </ClInclude>
    <ClInclude Include="..\SaveTransferStash.h">
      <Filter>HookedMethods</Filter>
    </ClInclude>
    <ClInclude Include="..\NpcDetectionHook.h">
      <Filter>HookedMethods</Filter>
    </ClInclude>
    <ClInclude Include="Vec3f.h">
      <Filter>Types</Filter>
    </ClInclude>
    <ClInclude Include="Exports.h">
      <Filter>Variable</Filter>
    </ClInclude>
  </ItemGroup>
</Project>