
Microsoft Visual Studio Solution File, Format Version 12.00
# Visual Studio 14
VisualStudioVersion = 14.0.25420.1
MinimumVisualStudioVersion = 10.0.40219.1
Project("{8BC9CEB8-8B4A-11D0-8D11-00A0C91BC942}") = "Custom", "Custom.vcxproj", "{C4C69969-235A-4049-87F2-3E82D67A1812}"
EndProject
Global
	GlobalSection(SolutionConfigurationPlatforms) = preSolution
		Debug|Win32 = Debug|Win32
		Release|Win32 = Release|Win32
		Release-Instaloot|Win32 = Release-Instaloot|Win32
	EndGlobalSection
	GlobalSection(ProjectConfigurationPlatforms) = postSolution
		{C4C69969-235A-4049-87F2-3E82D67A1812}.Debug|Win32.ActiveCfg = Debug|Win32
		{C4C69969-235A-4049-87F2-3E82D67A1812}.Debug|Win32.Build.0 = Debug|Win32
		{C4C69969-235A-4049-87F2-3E82D67A1812}.Release|Win32.ActiveCfg = Release|Win32
		{C4C69969-235A-4049-87F2-3E82D67A1812}.Release|Win32.Build.0 = Release|Win32
		{C4C69969-235A-4049-87F2-3E82D67A1812}.Release-Instaloot|Win32.ActiveCfg = Release-Instaloot|Win32
		{C4C69969-235A-4049-87F2-3E82D67A1812}.Release-Instaloot|Win32.Build.0 = Release-Instaloot|Win32
	EndGlobalSection
	GlobalSection(SolutionProperties) = preSolution
		HideSolutionNode = FALSE
	EndGlobalSection
EndGlobal
