
Microsoft Visual Studio Solution File, Format Version 12.00
# Visual Studio Version 17
VisualStudioVersion = 17.11.35431.28
MinimumVisualStudioVersion = 10.0.40219.1
Project("{FAE04EC0-301F-11D3-BF4B-00C04F79EFBC}") = "IAGrim", "IAGrim\IAGrim.csproj", "{8FB68389-5A68-42EA-9EFC-EE5836D560A4}"
EndProject
Project("{FAE04EC0-301F-11D3-BF4B-00C04F79EFBC}") = "Parser", "Parser\Parser.csproj", "{19B2537D-7BC6-4CBD-8938-CFC7678290C1}"
EndProject
Project("{FAE04EC0-301F-11D3-BF4B-00C04F79EFBC}") = "DataAccess", "DataAccess\DataAccess.csproj", "{EA854019-37D0-43A9-BC5A-A850151F546A}"
EndProject
Project("{FAE04EC0-301F-11D3-BF4B-00C04F79EFBC}") = "StatTranslator", "StatTranslator\StatTranslator.csproj", "{F249D60D-DCE8-43DB-8F14-02A50AEFE1D4}"
EndProject
Project("{FAE04EC0-301F-11D3-BF4B-00C04F79EFBC}") = "Cloud", "Cloud\Cloud.csproj", "{24822D6E-39F5-4227-9FC0-B29C937D92DD}"
EndProject
Project("{FAE04EC0-301F-11D3-BF4B-00C04F79EFBC}") = "EvilsoftCommons", "EvilsoftCommons\EvilsoftCommons.csproj", "{46883632-3CDC-4EEF-BF06-0E0CBE0FB467}"
EndProject
Project("{FAE04EC0-301F-11D3-BF4B-00C04F79EFBC}") = "DllInjector", "DllInjector\DllInjector.csproj", "{C3F39D73-06A3-45C5-BDE1-BE98FE81FB04}"
EndProject
Global
	GlobalSection(SolutionConfigurationPlatforms) = preSolution
		Debug|Any CPU = Debug|Any CPU
		Release|Any CPU = Release|Any CPU
	EndGlobalSection
	GlobalSection(ProjectConfigurationPlatforms) = postSolution
		{8FB68389-5A68-42EA-9EFC-EE5836D560A4}.Debug|Any CPU.ActiveCfg = Debug|Any CPU
		{8FB68389-5A68-42EA-9EFC-EE5836D560A4}.Debug|Any CPU.Build.0 = Debug|Any CPU
		{8FB68389-5A68-42EA-9EFC-EE5836D560A4}.Release|Any CPU.ActiveCfg = Release|Any CPU
		{8FB68389-5A68-42EA-9EFC-EE5836D560A4}.Release|Any CPU.Build.0 = Release|Any CPU
		{19B2537D-7BC6-4CBD-8938-CFC7678290C1}.Debug|Any CPU.ActiveCfg = Debug|Any CPU
		{19B2537D-7BC6-4CBD-8938-CFC7678290C1}.Debug|Any CPU.Build.0 = Debug|Any CPU
		{19B2537D-7BC6-4CBD-8938-CFC7678290C1}.Release|Any CPU.ActiveCfg = Release|Any CPU
		{19B2537D-7BC6-4CBD-8938-CFC7678290C1}.Release|Any CPU.Build.0 = Release|Any CPU
		{EA854019-37D0-43A9-BC5A-A850151F546A}.Debug|Any CPU.ActiveCfg = Debug|Any CPU
		{EA854019-37D0-43A9-BC5A-A850151F546A}.Debug|Any CPU.Build.0 = Debug|Any CPU
		{EA854019-37D0-43A9-BC5A-A850151F546A}.Release|Any CPU.ActiveCfg = Release|Any CPU
		{EA854019-37D0-43A9-BC5A-A850151F546A}.Release|Any CPU.Build.0 = Release|Any CPU
		{F249D60D-DCE8-43DB-8F14-02A50AEFE1D4}.Debug|Any CPU.ActiveCfg = Debug|Any CPU
		{F249D60D-DCE8-43DB-8F14-02A50AEFE1D4}.Debug|Any CPU.Build.0 = Debug|Any CPU
		{F249D60D-DCE8-43DB-8F14-02A50AEFE1D4}.Release|Any CPU.ActiveCfg = Release|Any CPU
		{F249D60D-DCE8-43DB-8F14-02A50AEFE1D4}.Release|Any CPU.Build.0 = Release|Any CPU
		{24822D6E-39F5-4227-9FC0-B29C937D92DD}.Debug|Any CPU.ActiveCfg = Debug|Any CPU
		{24822D6E-39F5-4227-9FC0-B29C937D92DD}.Debug|Any CPU.Build.0 = Debug|Any CPU
		{24822D6E-39F5-4227-9FC0-B29C937D92DD}.Release|Any CPU.ActiveCfg = Release|Any CPU
		{24822D6E-39F5-4227-9FC0-B29C937D92DD}.Release|Any CPU.Build.0 = Release|Any CPU
		{46883632-3CDC-4EEF-BF06-0E0CBE0FB467}.Debug|Any CPU.ActiveCfg = Debug|Any CPU
		{46883632-3CDC-4EEF-BF06-0E0CBE0FB467}.Debug|Any CPU.Build.0 = Debug|Any CPU
		{46883632-3CDC-4EEF-BF06-0E0CBE0FB467}.Release|Any CPU.ActiveCfg = Release|Any CPU
		{46883632-3CDC-4EEF-BF06-0E0CBE0FB467}.Release|Any CPU.Build.0 = Release|Any CPU
		{C3F39D73-06A3-45C5-BDE1-BE98FE81FB04}.Debug|Any CPU.ActiveCfg = Debug|Any CPU
		{C3F39D73-06A3-45C5-BDE1-BE98FE81FB04}.Debug|Any CPU.Build.0 = Debug|Any CPU
		{C3F39D73-06A3-45C5-BDE1-BE98FE81FB04}.Release|Any CPU.ActiveCfg = Release|Any CPU
		{C3F39D73-06A3-45C5-BDE1-BE98FE81FB04}.Release|Any CPU.Build.0 = Release|Any CPU
	EndGlobalSection
	GlobalSection(SolutionProperties) = preSolution
		HideSolutionNode = FALSE
	EndGlobalSection
	GlobalSection(ExtensibilityGlobals) = postSolution
		SolutionGuid = {10398188-2F78-4A52-BA03-EBE156D40950}
	EndGlobalSection
EndGlobal
