
Microsoft Visual Studio Solution File, Format Version 12.00
# Visual Studio Version 18
VisualStudioVersion = 18.3.11206.111 d18.3
MinimumVisualStudioVersion = 10.0.40219.1
Project("{FAE04EC0-301F-11D3-BF4B-00C04F79EFBC}") = "IAGrim", "IAGrim\IAGrim.csproj", "{E68602BA-8A03-45EC-B1C6-17DF2FBC1DD0}"
EndProject
Project("{FAE04EC0-301F-11D3-BF4B-00C04F79EFBC}") = "Parser", "Parser\Parser.csproj", "{5E068C56-F5EC-4819-9266-295C7A8ED52D}"
EndProject
Project("{FAE04EC0-301F-11D3-BF4B-00C04F79EFBC}") = "DataAccess", "DataAccess\DataAccess.csproj", "{B7F63B36-55B0-48F9-8B52-54BF4A07DF65}"
EndProject
Project("{FAE04EC0-301F-11D3-BF4B-00C04F79EFBC}") = "StatTranslator", "StatTranslator\StatTranslator.csproj", "{09B59C1C-47DC-4650-8299-78AC37796DA8}"
EndProject
Project("{FAE04EC0-301F-11D3-BF4B-00C04F79EFBC}") = "Cloud", "Cloud\Cloud.csproj", "{24822D6E-39F5-4227-9FC0-B29C937D92DD}"
EndProject
Project("{FAE04EC0-301F-11D3-BF4B-00C04F79EFBC}") = "EvilsoftCommons", "EvilsoftCommons\EvilsoftCommons.csproj", "{46883632-3CDC-4EEF-BF06-0E0CBE0FB467}"
EndProject
Project("{FAE04EC0-301F-11D3-BF4B-00C04F79EFBC}") = "DllInjector", "DllInjector\DllInjector.csproj", "{C3F39D73-06A3-45C5-BDE1-BE98FE81FB04}"
EndProject
Global
	GlobalSection(SolutionConfigurationPlatforms) = preSolution
		Debug|Any CPU = Debug|Any CPU
		Release|Any CPU = Release|Any CPU
	EndGlobalSection
	GlobalSection(ProjectConfigurationPlatforms) = postSolution
		{E68602BA-8A03-45EC-B1C6-17DF2FBC1DD0}.Debug|Any CPU.ActiveCfg = Debug|Any CPU
		{E68602BA-8A03-45EC-B1C6-17DF2FBC1DD0}.Debug|Any CPU.Build.0 = Debug|Any CPU
		{E68602BA-8A03-45EC-B1C6-17DF2FBC1DD0}.Release|Any CPU.ActiveCfg = Release|Any CPU
		{E68602BA-8A03-45EC-B1C6-17DF2FBC1DD0}.Release|Any CPU.Build.0 = Release|Any CPU
		{5E068C56-F5EC-4819-9266-295C7A8ED52D}.Debug|Any CPU.ActiveCfg = Debug|Any CPU
		{5E068C56-F5EC-4819-9266-295C7A8ED52D}.Debug|Any CPU.Build.0 = Debug|Any CPU
		{5E068C56-F5EC-4819-9266-295C7A8ED52D}.Release|Any CPU.ActiveCfg = Release|Any CPU
		{5E068C56-F5EC-4819-9266-295C7A8ED52D}.Release|Any CPU.Build.0 = Release|Any CPU
		{B7F63B36-55B0-48F9-8B52-54BF4A07DF65}.Debug|Any CPU.ActiveCfg = Debug|Any CPU
		{B7F63B36-55B0-48F9-8B52-54BF4A07DF65}.Debug|Any CPU.Build.0 = Debug|Any CPU
		{B7F63B36-55B0-48F9-8B52-54BF4A07DF65}.Release|Any CPU.ActiveCfg = Release|Any CPU
		{B7F63B36-55B0-48F9-8B52-54BF4A07DF65}.Release|Any CPU.Build.0 = Release|Any CPU
		{09B59C1C-47DC-4650-8299-78AC37796DA8}.Debug|Any CPU.ActiveCfg = Debug|Any CPU
		{09B59C1C-47DC-4650-8299-78AC37796DA8}.Debug|Any CPU.Build.0 = Debug|Any CPU
		{09B59C1C-47DC-4650-8299-78AC37796DA8}.Release|Any CPU.ActiveCfg = Release|Any CPU
		{09B59C1C-47DC-4650-8299-78AC37796DA8}.Release|Any CPU.Build.0 = Release|Any CPU
		{24822D6E-39F5-4227-9FC0-B29C937D92DD}.Debug|Any CPU.ActiveCfg = Debug|Any CPU
		{24822D6E-39F5-4227-9FC0-B29C937D92DD}.Debug|Any CPU.Build.0 = Debug|Any CPU
		{24822D6E-39F5-4227-9FC0-B29C937D92DD}.Release|Any CPU.ActiveCfg = Release|Any CPU
		{24822D6E-39F5-4227-9FC0-B29C937D92DD}.Release|Any CPU.Build.0 = Release|Any CPU
		{46883632-3CDC-4EEF-BF06-0E0CBE0FB467}.Debug|Any CPU.ActiveCfg = Debug|Any CPU
		{46883632-3CDC-4EEF-BF06-0E0CBE0FB467}.Debug|Any CPU.Build.0 = Debug|Any CPU
		{46883632-3CDC-4EEF-BF06-0E0CBE0FB467}.Release|Any CPU.ActiveCfg = Release|Any CPU
		{46883632-3CDC-4EEF-BF06-0E0CBE0FB467}.Release|Any CPU.Build.0 = Release|Any CPU
		{C3F39D73-06A3-45C5-BDE1-BE98FE81FB04}.Debug|Any CPU.ActiveCfg = Debug|Any CPU
		{C3F39D73-06A3-45C5-BDE1-BE98FE81FB04}.Debug|Any CPU.Build.0 = Debug|Any CPU
		{C3F39D73-06A3-45C5-BDE1-BE98FE81FB04}.Release|Any CPU.ActiveCfg = Release|Any CPU
		{C3F39D73-06A3-45C5-BDE1-BE98FE81FB04}.Release|Any CPU.Build.0 = Release|Any CPU
	EndGlobalSection
	GlobalSection(SolutionProperties) = preSolution
		HideSolutionNode = FALSE
	EndGlobalSection
	GlobalSection(ExtensibilityGlobals) = postSolution
		SolutionGuid = {10398188-2F78-4A52-BA03-EBE156D40950}
	EndGlobalSection
EndGlobal
